
Microsoft Visual Studio Solution File, Format Version 12.00
# Visual Studio Version 17
VisualStudioVersion = 17.1.32414.318
MinimumVisualStudioVersion = 10.0.40219.1
Project("{9A19103F-16F7-4668-BE54-9A1E7A4F7556}") = "SalesSystem", "SalesSystem\SalesSystem.csproj", "{792703ED-3D33-4204-BD80-1749F3A079BA}"
EndProject
Project("{2150E333-8FDC-42A3-9474-1A3956D46DE8}") = "Solution Items", "Solution Items", "{C7A0326F-2735-4012-8E6E-92EAF05214C0}"
EndProject
Project("{9A19103F-16F7-4668-BE54-9A1E7A4F7556}") = "SalesSystemTest", "TestProject1\SalesSystemTest.csproj", "{8203B3F4-E79A-48A8-BC76-79A260C45715}"
EndProject
Global
	GlobalSection(SolutionConfigurationPlatforms) = preSolution
		Debug|Any CPU = Debug|Any CPU
		Release|Any CPU = Release|Any CPU
	EndGlobalSection
	GlobalSection(ProjectConfigurationPlatforms) = postSolution
		{792703ED-3D33-4204-BD80-1749F3A079BA}.Debug|Any CPU.ActiveCfg = Debug|Any CPU
		{792703ED-3D33-4204-BD80-1749F3A079BA}.Debug|Any CPU.Build.0 = Debug|Any CPU
		{792703ED-3D33-4204-BD80-1749F3A079BA}.Release|Any CPU.ActiveCfg = Release|Any CPU
		{792703ED-3D33-4204-BD80-1749F3A079BA}.Release|Any CPU.Build.0 = Release|Any CPU
		{8203B3F4-E79A-48A8-BC76-79A260C45715}.Debug|Any CPU.ActiveCfg = Debug|Any CPU
		{8203B3F4-E79A-48A8-BC76-79A260C45715}.Debug|Any CPU.Build.0 = Debug|Any CPU
		{8203B3F4-E79A-48A8-BC76-79A260C45715}.Release|Any CPU.ActiveCfg = Release|Any CPU
		{8203B3F4-E79A-48A8-BC76-79A260C45715}.Release|Any CPU.Build.0 = Release|Any CPU
	EndGlobalSection
	GlobalSection(SolutionProperties) = preSolution
		HideSolutionNode = FALSE
	EndGlobalSection
	GlobalSection(ExtensibilityGlobals) = postSolution
		SolutionGuid = {60BAA1F4-EC3B-40D4-BC1E-EABEE8A71E1B}
	EndGlobalSection
EndGlobal
